
Microsoft Visual Studio Solution File, Format Version 12.00
# Visual Studio Version 16
VisualStudioVersion = 16.0.32510.428
MinimumVisualStudioVersion = 10.0.40219.1
Project("{FAE04EC0-301F-11D3-BF4B-00C04F79EFBC}") = "ConsoleApp1", "ConsoleApp1\ConsoleApp1.csproj", "{DE1B981F-3D01-4F9D-93E3-894FEA1DD41E}"
EndProject
Global
	GlobalSection(SolutionConfigurationPlatforms) = preSolution
		Debug|Any CPU = Debug|Any CPU
		Release|Any CPU = Release|Any CPU
	EndGlobalSection
	GlobalSection(ProjectConfigurationPlatforms) = postSolution
		{DE1B981F-3D01-4F9D-93E3-894FEA1DD41E}.Debug|Any CPU.ActiveCfg = Debug|Any CPU
		{DE1B981F-3D01-4F9D-93E3-894FEA1DD41E}.Debug|Any CPU.Build.0 = Debug|Any CPU
		{DE1B981F-3D01-4F9D-93E3-894FEA1DD41E}.Release|Any CPU.ActiveCfg = Release|Any CPU
		{DE1B981F-3D01-4F9D-93E3-894FEA1DD41E}.Release|Any CPU.Build.0 = Release|Any CPU
	EndGlobalSection
	GlobalSection(SolutionProperties) = preSolution
		HideSolutionNode = FALSE
	EndGlobalSection
	GlobalSection(ExtensibilityGlobals) = postSolution
		SolutionGuid = {1AD74015-C34C-486E-9729-7DFF04CC9E62}
	EndGlobalSection
EndGlobal
